// !$*UTF8*$!
{
	archiveVersion = 1;
	classes = {
	};
	objectVersion = 50;
	objects = {

/* Begin PBXBuildFile section */
		88C49C8E216F2304009918A5 /* AppDelegate.swift in Sources */ = {isa = PBXBuildFile; fileRef = 88C49C8D216F2304009918A5 /* AppDelegate.swift */; };
		88C49C90216F2304009918A5 /* mapVC.swift in Sources */ = {isa = PBXBuildFile; fileRef = 88C49C8F216F2304009918A5 /* mapVC.swift */; };
		88C49C93216F2304009918A5 /* Main.storyboard in Resources */ = {isa = PBXBuildFile; fileRef = 88C49C91216F2304009918A5 /* Main.storyboard */; };
		88C49C96216F2304009918A5 /* Travel_Map_Book.xcdatamodeld in Sources */ = {isa = PBXBuildFile; fileRef = 88C49C94216F2304009918A5 /* Travel_Map_Book.xcdatamodeld */; };
		88C49C98216F2306009918A5 /* Assets.xcassets in Resources */ = {isa = PBXBuildFile; fileRef = 88C49C97216F2306009918A5 /* Assets.xcassets */; };
		88C49C9B216F2306009918A5 /* LaunchScreen.storyboard in Resources */ = {isa = PBXBuildFile; fileRef = 88C49C99216F2306009918A5 /* LaunchScreen.storyboard */; };
		88C49CA321710D65009918A5 /* tableVC.swift in Sources */ = {isa = PBXBuildFile; fileRef = 88C49CA221710D65009918A5 /* tableVC.swift */; };
/* End PBXBuildFile section */

/* Begin PBXFileReference section */
		88C49C8A216F2304009918A5 /* Travel Map Book.app */ = {isa = PBXFileReference; explicitFileType = wrapper.application; includeInIndex = 0; path = "Travel Map Book.app"; sourceTree = BUILT_PRODUCTS_DIR; };
		88C49C8D216F2304009918A5 /* AppDelegate.swift */ = {isa = PBXFileReference; lastKnownFileType = sourcecode.swift; path = AppDelegate.swift; sourceTree = "<group>"; };
		88C49C8F216F2304009918A5 /* mapVC.swift */ = {isa = PBXFileReference; lastKnownFileType = sourcecode.swift; path = mapVC.swift; sourceTree = "<group>"; };
		88C49C92216F2304009918A5 /* Base */ = {isa = PBXFileReference; lastKnownFileType = file.storyboard; name = Base; path = Base.lproj/Main.storyboard; sourceTree = "<group>"; };
		88C49C95216F2304009918A5 /* Travel_Map_Book.xcdatamodel */ = {isa = PBXFileReference; lastKnownFileType = wrapper.xcdatamodel; path = Travel_Map_Book.xcdatamodel; sourceTree = "<group>"; };
		88C49C97216F2306009918A5 /* Assets.xcassets */ = {isa = PBXFileReference; lastKnownFileType = folder.assetcatalog; path = Assets.xcassets; sourceTree = "<group>"; };
		88C49C9A216F2306009918A5 /* Base */ = {isa = PBXFileReference; lastKnownFileType = file.storyboard; name = Base; path = Base.lproj/LaunchScreen.storyboard; sourceTree = "<group>"; };
		88C49C9C216F2306009918A5 /* Info.plist */ = {isa = PBXFileReference; lastKnownFileType = text.plist.xml; path = Info.plist; sourceTree = "<group>"; };
		88C49CA221710D65009918A5 /* tableVC.swift */ = {isa = PBXFileReference; lastKnownFileType = sourcecode.swift; path = tableVC.swift; sourceTree = "<group>"; };
/* End PBXFileReference section */

/* Begin PBXFrameworksBuildPhase section */
		88C49C87216F2304009918A5 /* Frameworks */ = {
			isa = PBXFrameworksBuildPhase;
			buildActionMask = 2147483647;
			files = (
			);
			runOnlyForDeploymentPostprocessing = 0;
		};
/* End PBXFrameworksBuildPhase section */

/* Begin PBXGroup section */
		88C49C81216F2304009918A5 = {
			isa = PBXGroup;
			children = (
				88C49C8C216F2304009918A5 /* Travel Map Book */,
				88C49C8B216F2304009918A5 /* Products */,
			);
			sourceTree = "<group>";
		};
		88C49C8B216F2304009918A5 /* Products */ = {
			isa = PBXGroup;
			children = (
				88C49C8A216F2304009918A5 /* Travel Map Book.app */,
			);
			name = Products;
			sourceTree = "<group>";
		};
		88C49C8C216F2304009918A5 /* Travel Map Book */ = {
			isa = PBXGroup;
			children = (
				88C49C8D216F2304009918A5 /* AppDelegate.swift */,
				88C49C8F216F2304009918A5 /* mapVC.swift */,
				88C49CA221710D65009918A5 /* tableVC.swift */,
				88C49C91216F2304009918A5 /* Main.storyboard */,
				88C49C97216F2306009918A5 /* Assets.xcassets */,
				88C49C99216F2306009918A5 /* LaunchScreen.storyboard */,
				88C49C9C216F2306009918A5 /* Info.plist */,
				88C49C94216F2304009918A5 /* Travel_Map_Book.xcdatamodeld */,
			);
			path = "Travel Map Book";
			sourceTree = "<group>";
		};
/* End PBXGroup section */

/* Begin PBXNativeTarget section */
		88C49C89216F2304009918A5 /* Travel Map Book */ = {
			isa = PBXNativeTarget;
			buildConfigurationList = 88C49C9F216F2306009918A5 /* Build configuration list for PBXNativeTarget "Travel Map Book" */;
			buildPhases = (
				88C49C86216F2304009918A5 /* Sources */,
				88C49C87216F2304009918A5 /* Frameworks */,
				88C49C88216F2304009918A5 /* Resources */,
			);
			buildRules = (
			);
			dependencies = (
			);
			name = "Travel Map Book";
			productName = "Travel Map Book";
			productReference = 88C49C8A216F2304009918A5 /* Travel Map Book.app */;
			productType = "com.apple.product-type.application";
		};
/* End PBXNativeTarget section */

/* Begin PBXProject section */
		88C49C82216F2304009918A5 /* Project object */ = {
			isa = PBXProject;
			attributes = {
				LastSwiftUpdateCheck = 1000;
				LastUpgradeCheck = 1000;
				ORGANIZATIONNAME = "Yusuf ÇAĞLAR";
				TargetAttributes = {
					88C49C89216F2304009918A5 = {
						CreatedOnToolsVersion = 10.0;
					};
				};
			};
			buildConfigurationList = 88C49C85216F2304009918A5 /* Build configuration list for PBXProject "Travel Map Book" */;
			compatibilityVersion = "Xcode 9.3";
			developmentRegion = en;
			hasScannedForEncodings = 0;
			knownRegions = (
				en,
				Base,
			);
			mainGroup = 88C49C81216F2304009918A5;
			productRefGroup = 88C49C8B216F2304009918A5 /* Products */;
			projectDirPath = "";
			projectRoot = "";
			targets = (
				88C49C89216F2304009918A5 /* Travel Map Book */,
			);
		};
/* End PBXProject section */

/* Begin PBXResourcesBuildPhase section */
		88C49C88216F2304009918A5 /* Resources */ = {
			isa = PBXResourcesBuildPhase;
			buildActionMask = 2147483647;
			files = (
				88C49C9B216F2306009918A5 /* LaunchScreen.storyboard in Resources */,
				88C49C98216F2306009918A5 /* Assets.xcassets in Resources */,
				88C49C93216F2304009918A5 /* Main.storyboard in Resources */,
			);
			runOnlyForDeploymentPostprocessing = 0;
		};
/* End PBXResourcesBuildPhase section */

/* Begin PBXSourcesBuildPhase section */
		88C49C86216F2304009918A5 /* Sources */ = {
			isa = PBXSourcesBuildPhase;
			buildActionMask = 2147483647;
			files = (
				88C49C90216F2304009918A5 /* mapVC.swift in Sources */,
				88C49CA321710D65009918A5 /* tableVC.swift in Sources */,
				88C49C96216F2304009918A5 /* Travel_Map_Book.xcdatamodeld in Sources */,
				88C49C8E216F2304009918A5 /* AppDelegate.swift in Sources */,
			);
			runOnlyForDeploymentPostprocessing = 0;
		};
/* End PBXSourcesBuildPhase section */

/* Begin PBXVariantGroup section */
		88C49C91216F2304009918A5 /* Main.storyboard */ = {
			isa = PBXVariantGroup;
			children = (
				88C49C92216F2304009918A5 /* Base */,
			);
			name = Main.storyboard;
			sourceTree = "<group>";
		};
		88C49C99216F2306009918A5 /* LaunchScreen.storyboard */ = {
			isa = PBXVariantGroup;
			children = (
				88C49C9A216F2306009918A5 /* Base */,
			);
			name = LaunchScreen.storyboard;
			sourceTree = "<group>";
		};
/* End PBXVariantGroup section */

/* Begin XCBuildConfiguration section */
		88C49C9D216F2306009918A5 /* Debug */ = {
			isa = XCBuildConfiguration;
			buildSettings = {
				ALWAYS_SEARCH_USER_PATHS = NO;
				CLANG_ANALYZER_NONNULL = YES;
				CLANG_ANALYZER_NUMBER_OBJECT_CONVERSION = YES_AGGRESSIVE;
				CLANG_CXX_LANGUAGE_STANDARD = "gnu++14";
				CLANG_CXX_LIBRARY = "libc++";
				CLANG_ENABLE_MODULES = YES;
				CLANG_ENABLE_OBJC_ARC = YES;
				CLANG_ENABLE_OBJC_WEAK = YES;
				CLANG_WARN_BLOCK_CAPTURE_AUTORELEASING = YES;
				CLANG_WARN_BOOL_CONVERSION = YES;
				CLANG_WARN_COMMA = YES;
				CLANG_WARN_CONSTANT_CONVERSION = YES;
				CLANG_WARN_DEPRECATED_OBJC_IMPLEMENTATIONS = YES;
				CLANG_WARN_DIRECT_OBJC_ISA_USAGE = YES_ERROR;
				CLANG_WARN_DOCUMENTATION_COMMENTS = YES;
				CLANG_WARN_EMPTY_BODY = YES;
				CLANG_WARN_ENUM_CONVERSION = YES;
				CLANG_WARN_INFINITE_RECURSION = YES;
				CLANG_WARN_INT_CONVERSION = YES;
				CLANG_WARN_NON_LITERAL_NULL_CONVERSION = YES;
				CLANG_WARN_OBJC_IMPLICIT_RETAIN_SELF = YES;
				CLANG_WARN_OBJC_LITERAL_CONVERSION = YES;
				CLANG_WARN_OBJC_ROOT_CLASS = YES_ERROR;
				CLANG_WARN_RANGE_LOOP_ANALYSIS = YES;
				CLANG_WARN_STRICT_PROTOTYPES = YES;
				CLANG_WARN_SUSPICIOUS_MOVE = YES;
				CLANG_WARN_UNGUARDED_AVAILABILITY = YES_AGGRESSIVE;
				CLANG_WARN_UNREACHABLE_CODE = YES;
				CLANG_WARN__DUPLICATE_METHOD_MATCH = YES;
				CODE_SIGN_IDENTITY = "iPhone Developer";
				COPY_PHASE_STRIP = NO;
				DEBUG_INFORMATION_FORMAT = dwarf;
				ENABLE_STRICT_OBJC_MSGSEND = YES;
				ENABLE_TESTABILITY = YES;
				GCC_C_LANGUAGE_STANDARD = gnu11;
				GCC_DYNAMIC_NO_PIC = NO;
				GCC_NO_COMMON_BLOCKS = YES;
				GCC_OPTIMIZATION_LEVEL = 0;
				GCC_PREPROCESSOR_DEFINITIONS = (
					"DEBUG=1",
					"$(inherited)",
				);
				GCC_WARN_64_TO_32_BIT_CONVERSION = YES;
				GCC_WARN_ABOUT_RETURN_TYPE = YES_ERROR;
				GCC_WARN_UNDECLARED_SELECTOR = YES;
				GCC_WARN_UNINITIALIZED_AUTOS = YES_AGGRESSIVE;
				GCC_WARN_UNUSED_FUNCTION = YES;
				GCC_WARN_UNUSED_VARIABLE = YES;
				IPHONEOS_DEPLOYMENT_TARGET = 12.0;
				MTL_ENABLE_DEBUG_INFO = INCLUDE_SOURCE;
				MTL_FAST_MATH = YES;
				ONLY_ACTIVE_ARCH = YES;
				SDKROOT = iphoneos;
				SWIFT_ACTIVE_COMPILATION_CONDITIONS = DEBUG;
				SWIFT_OPTIMIZATION_LEVEL = "-Onone";
			};
			name = Debug;
		};
		88C49C9E216F2306009918A5 /* Release */ = {
			isa = XCBuildConfiguration;
			buildSettings = {
				ALWAYS_SEARCH_USER_PATHS = NO;
				CLANG_ANALYZER_NONNULL = YES;
				CLANG_ANALYZER_NUMBER_OBJECT_CONVERSION = YES_AGGRESSIVE;
				CLANG_CXX_LANGUAGE_STANDARD = "gnu++14";
				CLANG_CXX_LIBRARY = "libc++";
				CLANG_ENABLE_MODULES = YES;
				CLANG_ENABLE_OBJC_ARC = YES;
				CLANG_ENABLE_OBJC_WEAK = YES;
				CLANG_WARN_BLOCK_CAPTURE_AUTORELEASING = YES;
				CLANG_WARN_BOOL_CONVERSION = YES;
				CLANG_WARN_COMMA = YES;
				CLANG_WARN_CONSTANT_CONVERSION = YES;
				CLANG_WARN_DEPRECATED_OBJC_IMPLEMENTATIONS = YES;
				CLANG_WARN_DIRECT_OBJC_ISA_USAGE = YES_ERROR;
				CLANG_WARN_DOCUMENTATION_COMMENTS = YES;
				CLANG_WARN_EMPTY_BODY = YES;
				CLANG_WARN_ENUM_CONVERSION = YES;
				CLANG_WARN_INFINITE_RECURSION = YES;
				CLANG_WARN_INT_CONVERSION = YES;
				CLANG_WARN_NON_LITERAL_NULL_CONVERSION = YES;
				CLANG_WARN_OBJC_IMPLICIT_RETAIN_SELF = YES;
				CLANG_WARN_OBJC_LITERAL_CONVERSION = YES;
				CLANG_WARN_OBJC_ROOT_CLASS = YES_ERROR;
				CLANG_WARN_RANGE_LOOP_ANALYSIS = YES;
				CLANG_WARN_STRICT_PROTOTYPES = YES;
				CLANG_WARN_SUSPICIOUS_MOVE = YES;
				CLANG_WARN_UNGUARDED_AVAILABILITY = YES_AGGRESSIVE;
				CLANG_WARN_UNREACHABLE_CODE = YES;
				CLANG_WARN__DUPLICATE_METHOD_MATCH = YES;
				CODE_SIGN_IDENTITY = "iPhone Developer";
				COPY_PHASE_STRIP = NO;
				DEBUG_INFORMATION_FORMAT = "dwarf-with-dsym";
				ENABLE_NS_ASSERTIONS = NO;
				ENABLE_STRICT_OBJC_MSGSEND = YES;
				GCC_C_LANGUAGE_STANDARD = gnu11;
				GCC_NO_COMMON_BLOCKS = YES;
				GCC_WARN_64_TO_32_BIT_CONVERSION = YES;
				GCC_WARN_ABOUT_RETURN_TYPE = YES_ERROR;
				GCC_WARN_UNDECLARED_SELECTOR = YES;
				GCC_WARN_UNINITIALIZED_AUTOS = YES_AGGRESSIVE;
				GCC_WARN_UNUSED_FUNCTION = YES;
				GCC_WARN_UNUSED_VARIABLE = YES;
				IPHONEOS_DEPLOYMENT_TARGET = 12.0;
				MTL_ENABLE_DEBUG_INFO = NO;
				MTL_FAST_MATH = YES;
				SDKROOT = iphoneos;
				SWIFT_COMPILATION_MODE = wholemodule;
				SWIFT_OPTIMIZATION_LEVEL = "-O";
				VALIDATE_PRODUCT = YES;
			};
			name = Release;
		};
		88C49CA0216F2306009918A5 /* Debug */ = {
			isa = XCBuildConfiguration;
			buildSettings = {
				ASSETCATALOG_COMPILER_APPICON_NAME = AppIcon;
				CODE_SIGN_STYLE = Automatic;
				DEVELOPMENT_TEAM = 238CXC7DZ6;
				INFOPLIST_FILE = "Travel Map Book/Info.plist";
				LD_RUNPATH_SEARCH_PATHS = (
					"$(inherited)",
					"@executable_path/Frameworks",
				);
				PRODUCT_BUNDLE_IDENTIFIER = "com.yusufcaglar.Travel-Map-Book";
				PRODUCT_NAME = "$(TARGET_NAME)";
				SWIFT_VERSION = 4.2;
				TARGETED_DEVICE_FAMILY = "1,2";
			};
			name = Debug;
		};
		88C49CA1216F2306009918A5 /* Release */ = {
			isa = XCBuildConfiguration;
			buildSettings = {
				ASSETCATALOG_COMPILER_APPICON_NAME = AppIcon;
				CODE_SIGN_STYLE = Automatic;
				DEVELOPMENT_TEAM = 238CXC7DZ6;
				INFOPLIST_FILE = "Travel Map Book/Info.plist";
				LD_RUNPATH_SEARCH_PATHS = (
					"$(inherited)",
					"@executable_path/Frameworks",
				);
				PRODUCT_BUNDLE_IDENTIFIER = "com.yusufcaglar.Travel-Map-Book";
				PRODUCT_NAME = "$(TARGET_NAME)";
				SWIFT_VERSION = 4.2;
				TARGETED_DEVICE_FAMILY = "1,2";
			};
			name = Release;
		};
/* End XCBuildConfiguration section */

/* Begin XCConfigurationList section */
		88C49C85216F2304009918A5 /* Build configuration list for PBXProject "Travel Map Book" */ = {
			isa = XCConfigurationList;
			buildConfigurations = (
				88C49C9D216F2306009918A5 /* Debug */,
				88C49C9E216F2306009918A5 /* Release */,
			);
			defaultConfigurationIsVisible = 0;
			defaultConfigurationName = Release;
		};
		88C49C9F216F2306009918A5 /* Build configuration list for PBXNativeTarget "Travel Map Book" */ = {
			isa = XCConfigurationList;
			buildConfigurations = (
				88C49CA0216F2306009918A5 /* Debug */,
				88C49CA1216F2306009918A5 /* Release */,
			);
			defaultConfigurationIsVisible = 0;
			defaultConfigurationName = Release;
		};
/* End XCConfigurationList section */

/* Begin XCVersionGroup section */
		88C49C94216F2304009918A5 /* Travel_Map_Book.xcdatamodeld */ = {
			isa = XCVersionGroup;
			children = (
				88C49C95216F2304009918A5 /* Travel_Map_Book.xcdatamodel */,
			);
			currentVersion = 88C49C95216F2304009918A5 /* Travel_Map_Book.xcdatamodel */;
			path = Travel_Map_Book.xcdatamodeld;
			sourceTree = "<group>";
			versionGroupType = wrapper.xcdatamodel;
		};
/* End XCVersionGroup section */
	};
	rootObject = 88C49C82216F2304009918A5 /* Project object */;
}
